// !$*UTF8*$!
{
	archiveVersion = 1;
	classes = {
	};
	objectVersion = 46;
	objects = {

/* Begin PBXBuildFile section */
		774AD68619E7A69B0092EF9C /* AlertUtils.swift in Sources */ = {isa = PBXBuildFile; fileRef = 774AD68519E7A69B0092EF9C /* AlertUtils.swift */; };
		774AD69019E7ADC60092EF9C /* Alamofire.framework in Frameworks */ = {isa = PBXBuildFile; fileRef = 774AD68D19E7AD910092EF9C /* Alamofire.framework */; };
		774AD69219E7ADE70092EF9C /* Alamofire.framework in Copy Frameworks */ = {isa = PBXBuildFile; fileRef = 774AD68D19E7AD910092EF9C /* Alamofire.framework */; settings = {ATTRIBUTES = (CodeSignOnCopy, RemoveHeadersOnCopy, ); }; };
		774AD69419E7B0DE0092EF9C /* Stop.swift in Sources */ = {isa = PBXBuildFile; fileRef = 774AD69319E7B0DE0092EF9C /* Stop.swift */; };
		774B98B919E70D6F00656E56 /* AppDelegate.swift in Sources */ = {isa = PBXBuildFile; fileRef = 774B98B819E70D6F00656E56 /* AppDelegate.swift */; };
		774B98BE19E70D6F00656E56 /* Main.storyboard in Resources */ = {isa = PBXBuildFile; fileRef = 774B98BC19E70D6F00656E56 /* Main.storyboard */; };
		774B98C019E70D6F00656E56 /* Images.xcassets in Resources */ = {isa = PBXBuildFile; fileRef = 774B98BF19E70D6F00656E56 /* Images.xcassets */; };
		774B98C319E70D6F00656E56 /* LaunchScreen.xib in Resources */ = {isa = PBXBuildFile; fileRef = 774B98C119E70D6F00656E56 /* LaunchScreen.xib */; };
		774B98CF19E70D6F00656E56 /* Bear_TransitTests.swift in Sources */ = {isa = PBXBuildFile; fileRef = 774B98CE19E70D6F00656E56 /* Bear_TransitTests.swift */; };
		774B98D919E70DBF00656E56 /* MapKit.framework in Frameworks */ = {isa = PBXBuildFile; fileRef = 774B98D819E70DBF00656E56 /* MapKit.framework */; };
		774B98DB19E70ECE00656E56 /* StopsTableViewController.swift in Sources */ = {isa = PBXBuildFile; fileRef = 774B98DA19E70ECE00656E56 /* StopsTableViewController.swift */; };
		774B98DD19E7102B00656E56 /* LocationManager.swift in Sources */ = {isa = PBXBuildFile; fileRef = 774B98DC19E7102B00656E56 /* LocationManager.swift */; };
/* End PBXBuildFile section */

/* Begin PBXContainerItemProxy section */
		774AD68C19E7AD910092EF9C /* PBXContainerItemProxy */ = {
			isa = PBXContainerItemProxy;
			containerPortal = 774AD68719E7AD910092EF9C /* Alamofire.xcodeproj */;
			proxyType = 2;
			remoteGlobalIDString = F8111E3319A95C8B0040E7D1;
			remoteInfo = Alamofire;
		};
		774AD68E19E7AD910092EF9C /* PBXContainerItemProxy */ = {
			isa = PBXContainerItemProxy;
			containerPortal = 774AD68719E7AD910092EF9C /* Alamofire.xcodeproj */;
			proxyType = 2;
			remoteGlobalIDString = F8111E3E19A95C8B0040E7D1;
			remoteInfo = AlamofireTests;
		};
		774B98C919E70D6F00656E56 /* PBXContainerItemProxy */ = {
			isa = PBXContainerItemProxy;
			containerPortal = 774B98AB19E70D6F00656E56 /* Project object */;
			proxyType = 1;
			remoteGlobalIDString = 774B98B219E70D6F00656E56;
			remoteInfo = "Bear Transit";
		};
/* End PBXContainerItemProxy section */

/* Begin PBXCopyFilesBuildPhase section */
		774AD69119E7ADCE0092EF9C /* Copy Frameworks */ = {
			isa = PBXCopyFilesBuildPhase;
			buildActionMask = 2147483647;
			dstPath = "";
			dstSubfolderSpec = 10;
			files = (
				774AD69219E7ADE70092EF9C /* Alamofire.framework in Copy Frameworks */,
			);
			name = "Copy Frameworks";
			runOnlyForDeploymentPostprocessing = 0;
		};
/* End PBXCopyFilesBuildPhase section */

/* Begin PBXFileReference section */
		774AD68519E7A69B0092EF9C /* AlertUtils.swift */ = {isa = PBXFileReference; fileEncoding = 4; lastKnownFileType = sourcecode.swift; path = AlertUtils.swift; sourceTree = "<group>"; };
		774AD68719E7AD910092EF9C /* Alamofire.xcodeproj */ = {isa = PBXFileReference; lastKnownFileType = "wrapper.pb-project"; name = Alamofire.xcodeproj; path = Alamofire/Alamofire.xcodeproj; sourceTree = "<group>"; };
		774AD69319E7B0DE0092EF9C /* Stop.swift */ = {isa = PBXFileReference; fileEncoding = 4; lastKnownFileType = sourcecode.swift; path = Stop.swift; sourceTree = "<group>"; };
		774B98B319E70D6F00656E56 /* Bear Transit.app */ = {isa = PBXFileReference; explicitFileType = wrapper.application; includeInIndex = 0; path = "Bear Transit.app"; sourceTree = BUILT_PRODUCTS_DIR; };
		774B98B719E70D6F00656E56 /* Info.plist */ = {isa = PBXFileReference; lastKnownFileType = text.plist.xml; path = Info.plist; sourceTree = "<group>"; };
		774B98B819E70D6F00656E56 /* AppDelegate.swift */ = {isa = PBXFileReference; lastKnownFileType = sourcecode.swift; path = AppDelegate.swift; sourceTree = "<group>"; };
		774B98BD19E70D6F00656E56 /* Base */ = {isa = PBXFileReference; lastKnownFileType = file.storyboard; name = Base; path = Base.lproj/Main.storyboard; sourceTree = "<group>"; };
		774B98BF19E70D6F00656E56 /* Images.xcassets */ = {isa = PBXFileReference; lastKnownFileType = folder.assetcatalog; path = Images.xcassets; sourceTree = "<group>"; };
		774B98C219E70D6F00656E56 /* Base */ = {isa = PBXFileReference; lastKnownFileType = file.xib; name = Base; path = Base.lproj/LaunchScreen.xib; sourceTree = "<group>"; };
		774B98C819E70D6F00656E56 /* Bear TransitTests.xctest */ = {isa = PBXFileReference; explicitFileType = wrapper.cfbundle; includeInIndex = 0; path = "Bear TransitTests.xctest"; sourceTree = BUILT_PRODUCTS_DIR; };
		774B98CD19E70D6F00656E56 /* Info.plist */ = {isa = PBXFileReference; lastKnownFileType = text.plist.xml; path = Info.plist; sourceTree = "<group>"; };
		774B98CE19E70D6F00656E56 /* Bear_TransitTests.swift */ = {isa = PBXFileReference; lastKnownFileType = sourcecode.swift; path = Bear_TransitTests.swift; sourceTree = "<group>"; };
		774B98D819E70DBF00656E56 /* MapKit.framework */ = {isa = PBXFileReference; lastKnownFileType = wrapper.framework; name = MapKit.framework; path = System/Library/Frameworks/MapKit.framework; sourceTree = SDKROOT; };
		774B98DA19E70ECE00656E56 /* StopsTableViewController.swift */ = {isa = PBXFileReference; fileEncoding = 4; lastKnownFileType = sourcecode.swift; path = StopsTableViewController.swift; sourceTree = "<group>"; };
		774B98DC19E7102B00656E56 /* LocationManager.swift */ = {isa = PBXFileReference; fileEncoding = 4; lastKnownFileType = sourcecode.swift; path = LocationManager.swift; sourceTree = "<group>"; };
/* End PBXFileReference section */

/* Begin PBXFrameworksBuildPhase section */
		774B98B019E70D6F00656E56 /* Frameworks */ = {
			isa = PBXFrameworksBuildPhase;
			buildActionMask = 2147483647;
			files = (
				774AD69019E7ADC60092EF9C /* Alamofire.framework in Frameworks */,
				774B98D919E70DBF00656E56 /* MapKit.framework in Frameworks */,
			);
			runOnlyForDeploymentPostprocessing = 0;
		};
		774B98C519E70D6F00656E56 /* Frameworks */ = {
			isa = PBXFrameworksBuildPhase;
			buildActionMask = 2147483647;
			files = (
			);
			runOnlyForDeploymentPostprocessing = 0;
		};
/* End PBXFrameworksBuildPhase section */

/* Begin PBXGroup section */
		774AD68819E7AD910092EF9C /* Products */ = {
			isa = PBXGroup;
			children = (
				774AD68D19E7AD910092EF9C /* Alamofire.framework */,
				774AD68F19E7AD910092EF9C /* AlamofireTests.xctest */,
			);
			name = Products;
			sourceTree = "<group>";
		};
		774B98AA19E70D6F00656E56 = {
			isa = PBXGroup;
			children = (
				774B98D819E70DBF00656E56 /* MapKit.framework */,
				774B98B519E70D6F00656E56 /* Bear Transit */,
				774B98CB19E70D6F00656E56 /* Bear TransitTests */,
				774B98B419E70D6F00656E56 /* Products */,
				774AD68719E7AD910092EF9C /* Alamofire.xcodeproj */,
			);
			sourceTree = "<group>";
		};
		774B98B419E70D6F00656E56 /* Products */ = {
			isa = PBXGroup;
			children = (
				774B98B319E70D6F00656E56 /* Bear Transit.app */,
				774B98C819E70D6F00656E56 /* Bear TransitTests.xctest */,
			);
			name = Products;
			sourceTree = "<group>";
		};
		774B98B519E70D6F00656E56 /* Bear Transit */ = {
			isa = PBXGroup;
			children = (
				774B98B819E70D6F00656E56 /* AppDelegate.swift */,
				774AD68519E7A69B0092EF9C /* AlertUtils.swift */,
				774B98DA19E70ECE00656E56 /* StopsTableViewController.swift */,
				774AD69319E7B0DE0092EF9C /* Stop.swift */,
				774B98DC19E7102B00656E56 /* LocationManager.swift */,
				774B98BC19E70D6F00656E56 /* Main.storyboard */,
				774B98BF19E70D6F00656E56 /* Images.xcassets */,
				774B98C119E70D6F00656E56 /* LaunchScreen.xib */,
				774B98B619E70D6F00656E56 /* Supporting Files */,
			);
			path = "Bear Transit";
			sourceTree = "<group>";
		};
		774B98B619E70D6F00656E56 /* Supporting Files */ = {
			isa = PBXGroup;
			children = (
				774B98B719E70D6F00656E56 /* Info.plist */,
			);
			name = "Supporting Files";
			sourceTree = "<group>";
		};
		774B98CB19E70D6F00656E56 /* Bear TransitTests */ = {
			isa = PBXGroup;
			children = (
				774B98CE19E70D6F00656E56 /* Bear_TransitTests.swift */,
				774B98CC19E70D6F00656E56 /* Supporting Files */,
			);
			path = "Bear TransitTests";
			sourceTree = "<group>";
		};
		774B98CC19E70D6F00656E56 /* Supporting Files */ = {
			isa = PBXGroup;
			children = (
				774B98CD19E70D6F00656E56 /* Info.plist */,
			);
			name = "Supporting Files";
			sourceTree = "<group>";
		};
/* End PBXGroup section */

/* Begin PBXNativeTarget section */
		774B98B219E70D6F00656E56 /* Bear Transit */ = {
			isa = PBXNativeTarget;
			buildConfigurationList = 774B98D219E70D6F00656E56 /* Build configuration list for PBXNativeTarget "Bear Transit" */;
			buildPhases = (
				774B98AF19E70D6F00656E56 /* Sources */,
				774AD69119E7ADCE0092EF9C /* Copy Frameworks */,
				774B98B019E70D6F00656E56 /* Frameworks */,
				774B98B119E70D6F00656E56 /* Resources */,
			);
			buildRules = (
			);
			dependencies = (
			);
			name = "Bear Transit";
			productName = "Bear Transit";
			productReference = 774B98B319E70D6F00656E56 /* Bear Transit.app */;
			productType = "com.apple.product-type.application";
		};
		774B98C719E70D6F00656E56 /* Bear TransitTests */ = {
			isa = PBXNativeTarget;
			buildConfigurationList = 774B98D519E70D6F00656E56 /* Build configuration list for PBXNativeTarget "Bear TransitTests" */;
			buildPhases = (
				774B98C419E70D6F00656E56 /* Sources */,
				774B98C519E70D6F00656E56 /* Frameworks */,
				774B98C619E70D6F00656E56 /* Resources */,
			);
			buildRules = (
			);
			dependencies = (
				774B98CA19E70D6F00656E56 /* PBXTargetDependency */,
			);
			name = "Bear TransitTests";
			productName = "Bear TransitTests";
			productReference = 774B98C819E70D6F00656E56 /* Bear TransitTests.xctest */;
			productType = "com.apple.product-type.bundle.unit-test";
		};
/* End PBXNativeTarget section */

/* Begin PBXProject section */
		774B98AB19E70D6F00656E56 /* Project object */ = {
			isa = PBXProject;
			attributes = {
				LastUpgradeCheck = 0600;
				ORGANIZATIONNAME = "Daylen Yang";
				TargetAttributes = {
					774B98B219E70D6F00656E56 = {
						CreatedOnToolsVersion = 6.0.1;
						SystemCapabilities = {
							com.apple.Maps.iOS = {
								enabled = 1;
							};
						};
					};
					774B98C719E70D6F00656E56 = {
						CreatedOnToolsVersion = 6.0.1;
						TestTargetID = 774B98B219E70D6F00656E56;
					};
				};
			};
			buildConfigurationList = 774B98AE19E70D6F00656E56 /* Build configuration list for PBXProject "Bear Transit" */;
			compatibilityVersion = "Xcode 3.2";
			developmentRegion = English;
			hasScannedForEncodings = 0;
			knownRegions = (
				en,
				Base,
			);
			mainGroup = 774B98AA19E70D6F00656E56;
			productRefGroup = 774B98B419E70D6F00656E56 /* Products */;
			projectDirPath = "";
			projectReferences = (
				{
					ProductGroup = 774AD68819E7AD910092EF9C /* Products */;
					ProjectRef = 774AD68719E7AD910092EF9C /* Alamofire.xcodeproj */;
				},
			);
			projectRoot = "";
			targets = (
				774B98B219E70D6F00656E56 /* Bear Transit */,
				774B98C719E70D6F00656E56 /* Bear TransitTests */,
			);
		};
/* End PBXProject section */

/* Begin PBXReferenceProxy section */
		774AD68D19E7AD910092EF9C /* Alamofire.framework */ = {
			isa = PBXReferenceProxy;
			fileType = wrapper.framework;
			path = Alamofire.framework;
			remoteRef = 774AD68C19E7AD910092EF9C /* PBXContainerItemProxy */;
			sourceTree = BUILT_PRODUCTS_DIR;
		};
		774AD68F19E7AD910092EF9C /* AlamofireTests.xctest */ = {
			isa = PBXReferenceProxy;
			fileType = wrapper.cfbundle;
			path = AlamofireTests.xctest;
			remoteRef = 774AD68E19E7AD910092EF9C /* PBXContainerItemProxy */;
			sourceTree = BUILT_PRODUCTS_DIR;
		};
/* End PBXReferenceProxy section */

/* Begin PBXResourcesBuildPhase section */
		774B98B119E70D6F00656E56 /* Resources */ = {
			isa = PBXResourcesBuildPhase;
			buildActionMask = 2147483647;
			files = (
				774B98BE19E70D6F00656E56 /* Main.storyboard in Resources */,
				774B98C319E70D6F00656E56 /* LaunchScreen.xib in Resources */,
				774B98C019E70D6F00656E56 /* Images.xcassets in Resources */,
			);
			runOnlyForDeploymentPostprocessing = 0;
		};
		774B98C619E70D6F00656E56 /* Resources */ = {
			isa = PBXResourcesBuildPhase;
			buildActionMask = 2147483647;
			files = (
			);
			runOnlyForDeploymentPostprocessing = 0;
		};
/* End PBXResourcesBuildPhase section */

/* Begin PBXSourcesBuildPhase section */
		774B98AF19E70D6F00656E56 /* Sources */ = {
			isa = PBXSourcesBuildPhase;
			buildActionMask = 2147483647;
			files = (
				774AD68619E7A69B0092EF9C /* AlertUtils.swift in Sources */,
				774B98B919E70D6F00656E56 /* AppDelegate.swift in Sources */,
				774AD69419E7B0DE0092EF9C /* Stop.swift in Sources */,
				774B98DB19E70ECE00656E56 /* StopsTableViewController.swift in Sources */,
				774B98DD19E7102B00656E56 /* LocationManager.swift in Sources */,
			);
			runOnlyForDeploymentPostprocessing = 0;
		};
		774B98C419E70D6F00656E56 /* Sources */ = {
			isa = PBXSourcesBuildPhase;
			buildActionMask = 2147483647;
			files = (
				774B98CF19E70D6F00656E56 /* Bear_TransitTests.swift in Sources */,
			);
			runOnlyForDeploymentPostprocessing = 0;
		};
/* End PBXSourcesBuildPhase section */

/* Begin PBXTargetDependency section */
		774B98CA19E70D6F00656E56 /* PBXTargetDependency */ = {
			isa = PBXTargetDependency;
			target = 774B98B219E70D6F00656E56 /* Bear Transit */;
			targetProxy = 774B98C919E70D6F00656E56 /* PBXContainerItemProxy */;
		};
/* End PBXTargetDependency section */

/* Begin PBXVariantGroup section */
		774B98BC19E70D6F00656E56 /* Main.storyboard */ = {
			isa = PBXVariantGroup;
			children = (
				774B98BD19E70D6F00656E56 /* Base */,
			);
			name = Main.storyboard;
			sourceTree = "<group>";
		};
		774B98C119E70D6F00656E56 /* LaunchScreen.xib */ = {
			isa = PBXVariantGroup;
			children = (
				774B98C219E70D6F00656E56 /* Base */,
			);
			name = LaunchScreen.xib;
			sourceTree = "<group>";
		};
/* End PBXVariantGroup section */

/* Begin XCBuildConfiguration section */
		774B98D019E70D6F00656E56 /* Debug */ = {
			isa = XCBuildConfiguration;
			buildSettings = {
				ALWAYS_SEARCH_USER_PATHS = NO;
				CLANG_CXX_LANGUAGE_STANDARD = "gnu++0x";
				CLANG_CXX_LIBRARY = "libc++";
				CLANG_ENABLE_MODULES = YES;
				CLANG_ENABLE_OBJC_ARC = YES;
				CLANG_WARN_BOOL_CONVERSION = YES;
				CLANG_WARN_CONSTANT_CONVERSION = YES;
				CLANG_WARN_DIRECT_OBJC_ISA_USAGE = YES_ERROR;
				CLANG_WARN_EMPTY_BODY = YES;
				CLANG_WARN_ENUM_CONVERSION = YES;
				CLANG_WARN_INT_CONVERSION = YES;
				CLANG_WARN_OBJC_ROOT_CLASS = YES_ERROR;
				CLANG_WARN_UNREACHABLE_CODE = YES;
				CLANG_WARN__DUPLICATE_METHOD_MATCH = YES;
				"CODE_SIGN_IDENTITY[sdk=iphoneos*]" = "iPhone Developer";
				COPY_PHASE_STRIP = NO;
				ENABLE_STRICT_OBJC_MSGSEND = YES;
				GCC_C_LANGUAGE_STANDARD = gnu99;
				GCC_DYNAMIC_NO_PIC = NO;
				GCC_OPTIMIZATION_LEVEL = 0;
				GCC_PREPROCESSOR_DEFINITIONS = (
					"DEBUG=1",
					"$(inherited)",
				);
				GCC_SYMBOLS_PRIVATE_EXTERN = NO;
				GCC_WARN_64_TO_32_BIT_CONVERSION = YES;
				GCC_WARN_ABOUT_RETURN_TYPE = YES_ERROR;
				GCC_WARN_UNDECLARED_SELECTOR = YES;
				GCC_WARN_UNINITIALIZED_AUTOS = YES_AGGRESSIVE;
				GCC_WARN_UNUSED_FUNCTION = YES;
				GCC_WARN_UNUSED_VARIABLE = YES;
				IPHONEOS_DEPLOYMENT_TARGET = 8.0;
				MTL_ENABLE_DEBUG_INFO = YES;
				ONLY_ACTIVE_ARCH = YES;
				SDKROOT = iphoneos;
				SWIFT_OPTIMIZATION_LEVEL = "-Onone";
			};
			name = Debug;
		};
		774B98D119E70D6F00656E56 /* Release */ = {
			isa = XCBuildConfiguration;
			buildSettings = {
				ALWAYS_SEARCH_USER_PATHS = NO;
				CLANG_CXX_LANGUAGE_STANDARD = "gnu++0x";
				CLANG_CXX_LIBRARY = "libc++";
				CLANG_ENABLE_MODULES = YES;
				CLANG_ENABLE_OBJC_ARC = YES;
				CLANG_WARN_BOOL_CONVERSION = YES;
				CLANG_WARN_CONSTANT_CONVERSION = YES;
				CLANG_WARN_DIRECT_OBJC_ISA_USAGE = YES_ERROR;
				CLANG_WARN_EMPTY_BODY = YES;
				CLANG_WARN_ENUM_CONVERSION = YES;
				CLANG_WARN_INT_CONVERSION = YES;
				CLANG_WARN_OBJC_ROOT_CLASS = YES_ERROR;
				CLANG_WARN_UNREACHABLE_CODE = YES;
				CLANG_WARN__DUPLICATE_METHOD_MATCH = YES;
				"CODE_SIGN_IDENTITY[sdk=iphoneos*]" = "iPhone Developer";
				COPY_PHASE_STRIP = YES;
				ENABLE_NS_ASSERTIONS = NO;
				ENABLE_STRICT_OBJC_MSGSEND = YES;
				GCC_C_LANGUAGE_STANDARD = gnu99;
				GCC_WARN_64_TO_32_BIT_CONVERSION = YES;
				GCC_WARN_ABOUT_RETURN_TYPE = YES_ERROR;
				GCC_WARN_UNDECLARED_SELECTOR = YES;
				GCC_WARN_UNINITIALIZED_AUTOS = YES_AGGRESSIVE;
				GCC_WARN_UNUSED_FUNCTION = YES;
				GCC_WARN_UNUSED_VARIABLE = YES;
				IPHONEOS_DEPLOYMENT_TARGET = 8.0;
				MTL_ENABLE_DEBUG_INFO = NO;
				SDKROOT = iphoneos;
				VALIDATE_PRODUCT = YES;
			};
			name = Release;
		};
		774B98D319E70D6F00656E56 /* Debug */ = {
			isa = XCBuildConfiguration;
			buildSettings = {
				ASSETCATALOG_COMPILER_APPICON_NAME = AppIcon;
				INFOPLIST_FILE = "Bear Transit/Info.plist";
				LD_RUNPATH_SEARCH_PATHS = "$(inherited) @executable_path/Frameworks";
				PRODUCT_NAME = "$(TARGET_NAME)";
			};
			name = Debug;
		};
		774B98D419E70D6F00656E56 /* Release */ = {
			isa = XCBuildConfiguration;
			buildSettings = {
				ASSETCATALOG_COMPILER_APPICON_NAME = AppIcon;
				INFOPLIST_FILE = "Bear Transit/Info.plist";
				LD_RUNPATH_SEARCH_PATHS = "$(inherited) @executable_path/Frameworks";
				PRODUCT_NAME = "$(TARGET_NAME)";
			};
			name = Release;
		};
		774B98D619E70D6F00656E56 /* Debug */ = {
			isa = XCBuildConfiguration;
			buildSettings = {
				BUNDLE_LOADER = "$(TEST_HOST)";
				FRAMEWORK_SEARCH_PATHS = (
					"$(SDKROOT)/Developer/Library/Frameworks",
					"$(inherited)",
				);
				GCC_PREPROCESSOR_DEFINITIONS = (
					"DEBUG=1",
					"$(inherited)",
				);
				INFOPLIST_FILE = "Bear TransitTests/Info.plist";
				LD_RUNPATH_SEARCH_PATHS = "$(inherited) @executable_path/Frameworks @loader_path/Frameworks";
				PRODUCT_NAME = "$(TARGET_NAME)";
				TEST_HOST = "$(BUILT_PRODUCTS_DIR)/Bear Transit.app/Bear Transit";
			};
			name = Debug;
		};
		774B98D719E70D6F00656E56 /* Release */ = {
			isa = XCBuildConfiguration;
			buildSettings = {
				BUNDLE_LOADER = "$(TEST_HOST)";
				FRAMEWORK_SEARCH_PATHS = (
					"$(SDKROOT)/Developer/Library/Frameworks",
					"$(inherited)",
				);
				INFOPLIST_FILE = "Bear TransitTests/Info.plist";
				LD_RUNPATH_SEARCH_PATHS = "$(inherited) @executable_path/Frameworks @loader_path/Frameworks";
				PRODUCT_NAME = "$(TARGET_NAME)";
				TEST_HOST = "$(BUILT_PRODUCTS_DIR)/Bear Transit.app/Bear Transit";
			};
			name = Release;
		};
/* End XCBuildConfiguration section */

/* Begin XCConfigurationList section */
		774B98AE19E70D6F00656E56 /* Build configuration list for PBXProject "Bear Transit" */ = {
			isa = XCConfigurationList;
			buildConfigurations = (
				774B98D019E70D6F00656E56 /* Debug */,
				774B98D119E70D6F00656E56 /* Release */,
			);
			defaultConfigurationIsVisible = 0;
			defaultConfigurationName = Release;
		};
		774B98D219E70D6F00656E56 /* Build configuration list for PBXNativeTarget "Bear Transit" */ = {
			isa = XCConfigurationList;
			buildConfigurations = (
				774B98D319E70D6F00656E56 /* Debug */,
				774B98D419E70D6F00656E56 /* Release */,
			);
			defaultConfigurationIsVisible = 0;
			defaultConfigurationName = Release;
		};
		774B98D519E70D6F00656E56 /* Build configuration list for PBXNativeTarget "Bear TransitTests" */ = {
			isa = XCConfigurationList;
			buildConfigurations = (
				774B98D619E70D6F00656E56 /* Debug */,
				774B98D719E70D6F00656E56 /* Release */,
			);
			defaultConfigurationIsVisible = 0;
			defaultConfigurationName = Release;
		};
/* End XCConfigurationList section */
	};
	rootObject = 774B98AB19E70D6F00656E56 /* Project object */;
}
